
Microsoft Visual Studio Solution File, Format Version 12.00
# Visual Studio Version 16
VisualStudioVersion = 16.0.29411.108
MinimumVisualStudioVersion = 10.0.40219.1
Project("{9A19103F-16F7-4668-BE54-9A1E7A4F7556}") = "ConsoleApp10", "ConsoleApp10\ConsoleApp10.csproj", "{FFD7D6A6-2109-4575-8D0D-57AD3FB39916}"
EndProject
Project("{FAE04EC0-301F-11D3-BF4B-00C04F79EFBC}") = "MustHaveUtils", "MustHaveUtils\MustHaveUtils.csproj", "{9F60B2F5-7ACB-4473-A469-3AAE81D96A49}"
EndProject
Project("{FAE04EC0-301F-11D3-BF4B-00C04F79EFBC}") = "MustHaveUtils.Tests", "MustHaveUtils.Tests\MustHaveUtils.Tests.csproj", "{BF66D841-BF67-4072-9B1A-88D18A9EA662}"
EndProject
Global
	GlobalSection(SolutionConfigurationPlatforms) = preSolution
		Debug|Any CPU = Debug|Any CPU
		Release|Any CPU = Release|Any CPU
	EndGlobalSection
	GlobalSection(ProjectConfigurationPlatforms) = postSolution
		{FFD7D6A6-2109-4575-8D0D-57AD3FB39916}.Debug|Any CPU.ActiveCfg = Debug|Any CPU
		{FFD7D6A6-2109-4575-8D0D-57AD3FB39916}.Debug|Any CPU.Build.0 = Debug|Any CPU
		{FFD7D6A6-2109-4575-8D0D-57AD3FB39916}.Release|Any CPU.ActiveCfg = Release|Any CPU
		{FFD7D6A6-2109-4575-8D0D-57AD3FB39916}.Release|Any CPU.Build.0 = Release|Any CPU
		{9F60B2F5-7ACB-4473-A469-3AAE81D96A49}.Debug|Any CPU.ActiveCfg = Debug|Any CPU
		{9F60B2F5-7ACB-4473-A469-3AAE81D96A49}.Debug|Any CPU.Build.0 = Debug|Any CPU
		{9F60B2F5-7ACB-4473-A469-3AAE81D96A49}.Release|Any CPU.ActiveCfg = Release|Any CPU
		{9F60B2F5-7ACB-4473-A469-3AAE81D96A49}.Release|Any CPU.Build.0 = Release|Any CPU
		{BF66D841-BF67-4072-9B1A-88D18A9EA662}.Debug|Any CPU.ActiveCfg = Debug|Any CPU
		{BF66D841-BF67-4072-9B1A-88D18A9EA662}.Debug|Any CPU.Build.0 = Debug|Any CPU
		{BF66D841-BF67-4072-9B1A-88D18A9EA662}.Release|Any CPU.ActiveCfg = Release|Any CPU
		{BF66D841-BF67-4072-9B1A-88D18A9EA662}.Release|Any CPU.Build.0 = Release|Any CPU
	EndGlobalSection
	GlobalSection(SolutionProperties) = preSolution
		HideSolutionNode = FALSE
	EndGlobalSection
	GlobalSection(ExtensibilityGlobals) = postSolution
		SolutionGuid = {F87C3809-318E-4341-AFA5-E5A543248225}
	EndGlobalSection
EndGlobal
